lockfileVersion: '9.0'

settings:
  autoInstallPeers: true
  excludeLinksFromLockfile: false

importers:

  .:
    dependencies:
      openai:
        specifier: ^6.42.0
        version: 6.42.0

packages:

  openai@6.42.0:
    resolution: {integrity: sha512-1WFEt/uXMXOLhYRNkgJWo08Y2YNvNwpVU72K7ibrWgWpNOXd4VojXLbe6SQ4bLiUQ3Y8jz4IiyVkylJCL1DtZg==}
    peerDependencies:
      ws: ^8.18.0
      zod: ^3.25 || ^4.0
    peerDependenciesMeta:
      ws:
        optional: true
      zod:
        optional: true

snapshots:

  openai@6.42.0: {}
